
Microsoft Visual Studio Solution File, Format Version 12.00
# Visual Studio Version 17
VisualStudioVersion = 17.13.36105.23 d17.13
MinimumVisualStudioVersion = 10.0.40219.1
Project("{FAE04EC0-301F-11D3-BF4B-00C04F79EFBC}") = "NextFlix.Subscribers", "NextFlix.Subscribers\NextFlix.Subscribers.csproj", "{119C0528-BADB-47E2-801D-EE9BD774A181}"
EndProject
Global
	GlobalSection(SolutionConfigurationPlatforms) = preSolution
		Debug|Any CPU = Debug|Any CPU
		Release|Any CPU = Release|Any CPU
	EndGlobalSection
	GlobalSection(ProjectConfigurationPlatforms) = postSolution
		{119C0528-BADB-47E2-801D-EE9BD774A181}.Debug|Any CPU.ActiveCfg = Debug|Any CPU
		{119C0528-BADB-47E2-801D-EE9BD774A181}.Debug|Any CPU.Build.0 = Debug|Any CPU
		{119C0528-BADB-47E2-801D-EE9BD774A181}.Release|Any CPU.ActiveCfg = Release|Any CPU
		{119C0528-BADB-47E2-801D-EE9BD774A181}.Release|Any CPU.Build.0 = Release|Any CPU
	EndGlobalSection
	GlobalSection(SolutionProperties) = preSolution
		HideSolutionNode = FALSE
	EndGlobalSection
	GlobalSection(ExtensibilityGlobals) = postSolution
		SolutionGuid = {E305C3CA-C38E-4594-AD8F-1889B32770B7}
	EndGlobalSection
EndGlobal
